// !$*UTF8*$!
{
	archiveVersion = 1;
	classes = {
	};
	objectVersion = 50;
	objects = {

/* Begin PBXBuildFile section */
		13142F8A2252B0B700F0FB6A /* AppDelegate.swift in Sources */ = {isa = PBXBuildFile; fileRef = 13142F892252B0B700F0FB6A /* AppDelegate.swift */; };
		13142F8C2252B0B700F0FB6A /* ViewController.swift in Sources */ = {isa = PBXBuildFile; fileRef = 13142F8B2252B0B700F0FB6A /* ViewController.swift */; };
		13142F8F2252B0B700F0FB6A /* Main.storyboard in Resources */ = {isa = PBXBuildFile; fileRef = 13142F8D2252B0B700F0FB6A /* Main.storyboard */; };
		13142F912252B0B800F0FB6A /* Assets.xcassets in Resources */ = {isa = PBXBuildFile; fileRef = 13142F902252B0B800F0FB6A /* Assets.xcassets */; };
		13142F942252B0B800F0FB6A /* LaunchScreen.storyboard in Resources */ = {isa = PBXBuildFile; fileRef = 13142F922252B0B800F0FB6A /* LaunchScreen.storyboard */; };
		13142F9C2252B24E00F0FB6A /* NeuralNetwork.swift in Sources */ = {isa = PBXBuildFile; fileRef = 13142F9B2252B24E00F0FB6A /* NeuralNetwork.swift */; };
		13142F9E2252B2B300F0FB6A /* Layer.swift in Sources */ = {isa = PBXBuildFile; fileRef = 13142F9D2252B2B300F0FB6A /* Layer.swift */; };
		13142FA72252B32700F0FB6A /* Extensions.swift in Sources */ = {isa = PBXBuildFile; fileRef = 13142FA62252B32700F0FB6A /* Extensions.swift */; };
		13142FA92252B3EA00F0FB6A /* SigmoidActivation.swift in Sources */ = {isa = PBXBuildFile; fileRef = 13142FA82252B3EA00F0FB6A /* SigmoidActivation.swift */; };
		13142FAC2252B4F700F0FB6A /* MainViewHandler.swift in Sources */ = {isa = PBXBuildFile; fileRef = 13142FAB2252B4F700F0FB6A /* MainViewHandler.swift */; };
		13142FAE2252B69100F0FB6A /* NeuralNetworkHandler.swift in Sources */ = {isa = PBXBuildFile; fileRef = 13142FAD2252B69100F0FB6A /* NeuralNetworkHandler.swift */; };
		13142FB02252B6E900F0FB6A /* NeuralNetworkConstants.swift in Sources */ = {isa = PBXBuildFile; fileRef = 13142FAF2252B6E900F0FB6A /* NeuralNetworkConstants.swift */; };
		13142FB42252B7E100F0FB6A /* NeuralNetworkView.swift in Sources */ = {isa = PBXBuildFile; fileRef = 13142FB32252B7E100F0FB6A /* NeuralNetworkView.swift */; };
		13142FB62252D73500F0FB6A /* ControlView.swift in Sources */ = {isa = PBXBuildFile; fileRef = 13142FB52252D73500F0FB6A /* ControlView.swift */; };
		13142FB82252D88F00F0FB6A /* HapticGenerator.swift in Sources */ = {isa = PBXBuildFile; fileRef = 13142FB72252D88F00F0FB6A /* HapticGenerator.swift */; };
		13142FBA2252DB4100F0FB6A /* InputOutputView.swift in Sources */ = {isa = PBXBuildFile; fileRef = 13142FB92252DB4100F0FB6A /* InputOutputView.swift */; };
		13142FBC2252E5E900F0FB6A /* RunningOverlayView.swift in Sources */ = {isa = PBXBuildFile; fileRef = 13142FBB2252E5E900F0FB6A /* RunningOverlayView.swift */; };
		13142FBE2252E84200F0FB6A /* CONSTANTS.swift in Sources */ = {isa = PBXBuildFile; fileRef = 13142FBD2252E84200F0FB6A /* CONSTANTS.swift */; };
/* End PBXBuildFile section */

/* Begin PBXFileReference section */
		13142F862252B0B700F0FB6A /* NeuralNetwork-Demo.app */ = {isa = PBXFileReference; explicitFileType = wrapper.application; includeInIndex = 0; path = "NeuralNetwork-Demo.app"; sourceTree = BUILT_PRODUCTS_DIR; };
		13142F892252B0B700F0FB6A /* AppDelegate.swift */ = {isa = PBXFileReference; lastKnownFileType = sourcecode.swift; path = AppDelegate.swift; sourceTree = "<group>"; };
		13142F8B2252B0B700F0FB6A /* ViewController.swift */ = {isa = PBXFileReference; lastKnownFileType = sourcecode.swift; path = ViewController.swift; sourceTree = "<group>"; };
		13142F8E2252B0B700F0FB6A /* Base */ = {isa = PBXFileReference; lastKnownFileType = file.storyboard; name = Base; path = Base.lproj/Main.storyboard; sourceTree = "<group>"; };
		13142F902252B0B800F0FB6A /* Assets.xcassets */ = {isa = PBXFileReference; lastKnownFileType = folder.assetcatalog; path = Assets.xcassets; sourceTree = "<group>"; };
		13142F932252B0B800F0FB6A /* Base */ = {isa = PBXFileReference; lastKnownFileType = file.storyboard; name = Base; path = Base.lproj/LaunchScreen.storyboard; sourceTree = "<group>"; };
		13142F952252B0B800F0FB6A /* Info.plist */ = {isa = PBXFileReference; lastKnownFileType = text.plist.xml; path = Info.plist; sourceTree = "<group>"; };
		13142F9B2252B24E00F0FB6A /* NeuralNetwork.swift */ = {isa = PBXFileReference; lastKnownFileType = sourcecode.swift; path = NeuralNetwork.swift; sourceTree = "<group>"; };
		13142F9D2252B2B300F0FB6A /* Layer.swift */ = {isa = PBXFileReference; lastKnownFileType = sourcecode.swift; path = Layer.swift; sourceTree = "<group>"; };
		13142FA62252B32700F0FB6A /* Extensions.swift */ = {isa = PBXFileReference; lastKnownFileType = sourcecode.swift; path = Extensions.swift; sourceTree = "<group>"; };
		13142FA82252B3EA00F0FB6A /* SigmoidActivation.swift */ = {isa = PBXFileReference; lastKnownFileType = sourcecode.swift; path = SigmoidActivation.swift; sourceTree = "<group>"; };
		13142FAB2252B4F700F0FB6A /* MainViewHandler.swift */ = {isa = PBXFileReference; lastKnownFileType = sourcecode.swift; path = MainViewHandler.swift; sourceTree = "<group>"; };
		13142FAD2252B69100F0FB6A /* NeuralNetworkHandler.swift */ = {isa = PBXFileReference; lastKnownFileType = sourcecode.swift; path = NeuralNetworkHandler.swift; sourceTree = "<group>"; };
		13142FAF2252B6E900F0FB6A /* NeuralNetworkConstants.swift */ = {isa = PBXFileReference; lastKnownFileType = sourcecode.swift; path = NeuralNetworkConstants.swift; sourceTree = "<group>"; };
		13142FB32252B7E100F0FB6A /* NeuralNetworkView.swift */ = {isa = PBXFileReference; lastKnownFileType = sourcecode.swift; path = NeuralNetworkView.swift; sourceTree = "<group>"; };
		13142FB52252D73500F0FB6A /* ControlView.swift */ = {isa = PBXFileReference; lastKnownFileType = sourcecode.swift; path = ControlView.swift; sourceTree = "<group>"; };
		13142FB72252D88F00F0FB6A /* HapticGenerator.swift */ = {isa = PBXFileReference; lastKnownFileType = sourcecode.swift; path = HapticGenerator.swift; sourceTree = "<group>"; };
		13142FB92252DB4100F0FB6A /* InputOutputView.swift */ = {isa = PBXFileReference; lastKnownFileType = sourcecode.swift; path = InputOutputView.swift; sourceTree = "<group>"; };
		13142FBB2252E5E900F0FB6A /* RunningOverlayView.swift */ = {isa = PBXFileReference; lastKnownFileType = sourcecode.swift; path = RunningOverlayView.swift; sourceTree = "<group>"; };
		13142FBD2252E84200F0FB6A /* CONSTANTS.swift */ = {isa = PBXFileReference; lastKnownFileType = sourcecode.swift; path = CONSTANTS.swift; sourceTree = "<group>"; };
/* End PBXFileReference section */

/* Begin PBXFrameworksBuildPhase section */
		13142F832252B0B700F0FB6A /* Frameworks */ = {
			isa = PBXFrameworksBuildPhase;
			buildActionMask = 2147483647;
			files = (
			);
			runOnlyForDeploymentPostprocessing = 0;
		};
/* End PBXFrameworksBuildPhase section */

/* Begin PBXGroup section */
		13142F7D2252B0B700F0FB6A = {
			isa = PBXGroup;
			children = (
				13142F882252B0B700F0FB6A /* NeuralNetwork-Demo */,
				13142F872252B0B700F0FB6A /* Products */,
			);
			sourceTree = "<group>";
		};
		13142F872252B0B700F0FB6A /* Products */ = {
			isa = PBXGroup;
			children = (
				13142F862252B0B700F0FB6A /* NeuralNetwork-Demo.app */,
			);
			name = Products;
			sourceTree = "<group>";
		};
		13142F882252B0B700F0FB6A /* NeuralNetwork-Demo */ = {
			isa = PBXGroup;
			children = (
				13142F952252B0B800F0FB6A /* Info.plist */,
				13142F902252B0B800F0FB6A /* Assets.xcassets */,
				13142FA12252B2DC00F0FB6A /* [CONTROLLER] */,
				13142FA02252B2D400F0FB6A /* [VIEW] */,
				13142F9F2252B2CA00F0FB6A /* [MODEL] */,
			);
			path = "NeuralNetwork-Demo";
			sourceTree = "<group>";
		};
		13142F9F2252B2CA00F0FB6A /* [MODEL] */ = {
			isa = PBXGroup;
			children = (
				13142FA52252B31900F0FB6A /* Utility */,
				13142FA22252B2E700F0FB6A /* Neural Network */,
			);
			path = "[MODEL]";
			sourceTree = "<group>";
		};
		13142FA02252B2D400F0FB6A /* [VIEW] */ = {
			isa = PBXGroup;
			children = (
				13142FAA2252B4DB00F0FB6A /* Main Application View */,
				13142FB22252B7BD00F0FB6A /* Neural Network View */,
				13142FB12252B7B800F0FB6A /* Control View */,
				13142FA32252B2F700F0FB6A /* Default Storyboards */,
			);
			path = "[VIEW]";
			sourceTree = "<group>";
		};
		13142FA12252B2DC00F0FB6A /* [CONTROLLER] */ = {
			isa = PBXGroup;
			children = (
				13142F8B2252B0B700F0FB6A /* ViewController.swift */,
				13142F892252B0B700F0FB6A /* AppDelegate.swift */,
			);
			path = "[CONTROLLER]";
			sourceTree = "<group>";
		};
		13142FA22252B2E700F0FB6A /* Neural Network */ = {
			isa = PBXGroup;
			children = (
				13142FAD2252B69100F0FB6A /* NeuralNetworkHandler.swift */,
				13142F9B2252B24E00F0FB6A /* NeuralNetwork.swift */,
				13142F9D2252B2B300F0FB6A /* Layer.swift */,
				13142FA82252B3EA00F0FB6A /* SigmoidActivation.swift */,
			);
			path = "Neural Network";
			sourceTree = "<group>";
		};
		13142FA32252B2F700F0FB6A /* Default Storyboards */ = {
			isa = PBXGroup;
			children = (
				13142F922252B0B800F0FB6A /* LaunchScreen.storyboard */,
				13142F8D2252B0B700F0FB6A /* Main.storyboard */,
			);
			path = "Default Storyboards";
			sourceTree = "<group>";
		};
		13142FA52252B31900F0FB6A /* Utility */ = {
			isa = PBXGroup;
			children = (
				13142FA62252B32700F0FB6A /* Extensions.swift */,
				13142FAF2252B6E900F0FB6A /* NeuralNetworkConstants.swift */,
				13142FB72252D88F00F0FB6A /* HapticGenerator.swift */,
				13142FBD2252E84200F0FB6A /* CONSTANTS.swift */,
			);
			path = Utility;
			sourceTree = "<group>";
		};
		13142FAA2252B4DB00F0FB6A /* Main Application View */ = {
			isa = PBXGroup;
			children = (
				13142FAB2252B4F700F0FB6A /* MainViewHandler.swift */,
				13142FBB2252E5E900F0FB6A /* RunningOverlayView.swift */,
			);
			path = "Main Application View";
			sourceTree = "<group>";
		};
		13142FB12252B7B800F0FB6A /* Control View */ = {
			isa = PBXGroup;
			children = (
				13142FB52252D73500F0FB6A /* ControlView.swift */,
			);
			path = "Control View";
			sourceTree = "<group>";
		};
		13142FB22252B7BD00F0FB6A /* Neural Network View */ = {
			isa = PBXGroup;
			children = (
				13142FB32252B7E100F0FB6A /* NeuralNetworkView.swift */,
				13142FB92252DB4100F0FB6A /* InputOutputView.swift */,
			);
			path = "Neural Network View";
			sourceTree = "<group>";
		};
/* End PBXGroup section */

/* Begin PBXNativeTarget section */
		13142F852252B0B700F0FB6A /* NeuralNetwork-Demo */ = {
			isa = PBXNativeTarget;
			buildConfigurationList = 13142F982252B0B800F0FB6A /* Build configuration list for PBXNativeTarget "NeuralNetwork-Demo" */;
			buildPhases = (
				13142F822252B0B700F0FB6A /* Sources */,
				13142F832252B0B700F0FB6A /* Frameworks */,
				13142F842252B0B700F0FB6A /* Resources */,
			);
			buildRules = (
			);
			dependencies = (
			);
			name = "NeuralNetwork-Demo";
			productName = "NeuralNetwork-Demo";
			productReference = 13142F862252B0B700F0FB6A /* NeuralNetwork-Demo.app */;
			productType = "com.apple.product-type.application";
		};
/* End PBXNativeTarget section */

/* Begin PBXProject section */
		13142F7E2252B0B700F0FB6A /* Project object */ = {
			isa = PBXProject;
			attributes = {
				LastSwiftUpdateCheck = 1010;
				LastUpgradeCheck = 1010;
				ORGANIZATIONNAME = "Gavin Shrader";
				TargetAttributes = {
					13142F852252B0B700F0FB6A = {
						CreatedOnToolsVersion = 10.1;
					};
				};
			};
			buildConfigurationList = 13142F812252B0B700F0FB6A /* Build configuration list for PBXProject "NeuralNetwork-Demo" */;
			compatibilityVersion = "Xcode 9.3";
			developmentRegion = en;
			hasScannedForEncodings = 0;
			knownRegions = (
				en,
				Base,
			);
			mainGroup = 13142F7D2252B0B700F0FB6A;
			productRefGroup = 13142F872252B0B700F0FB6A /* Products */;
			projectDirPath = "";
			projectRoot = "";
			targets = (
				13142F852252B0B700F0FB6A /* NeuralNetwork-Demo */,
			);
		};
/* End PBXProject section */

/* Begin PBXResourcesBuildPhase section */
		13142F842252B0B700F0FB6A /* Resources */ = {
			isa = PBXResourcesBuildPhase;
			buildActionMask = 2147483647;
			files = (
				13142F942252B0B800F0FB6A /* LaunchScreen.storyboard in Resources */,
				13142F912252B0B800F0FB6A /* Assets.xcassets in Resources */,
				13142F8F2252B0B700F0FB6A /* Main.storyboard in Resources */,
			);
			runOnlyForDeploymentPostprocessing = 0;
		};
/* End PBXResourcesBuildPhase section */

/* Begin PBXSourcesBuildPhase section */
		13142F822252B0B700F0FB6A /* Sources */ = {
			isa = PBXSourcesBuildPhase;
			buildActionMask = 2147483647;
			files = (
				13142FBA2252DB4100F0FB6A /* InputOutputView.swift in Sources */,
				13142FAC2252B4F700F0FB6A /* MainViewHandler.swift in Sources */,
				13142FA72252B32700F0FB6A /* Extensions.swift in Sources */,
				13142FB62252D73500F0FB6A /* ControlView.swift in Sources */,
				13142F8C2252B0B700F0FB6A /* ViewController.swift in Sources */,
				13142F8A2252B0B700F0FB6A /* AppDelegate.swift in Sources */,
				13142FB42252B7E100F0FB6A /* NeuralNetworkView.swift in Sources */,
				13142FAE2252B69100F0FB6A /* NeuralNetworkHandler.swift in Sources */,
				13142F9C2252B24E00F0FB6A /* NeuralNetwork.swift in Sources */,
				13142FB82252D88F00F0FB6A /* HapticGenerator.swift in Sources */,
				13142FB02252B6E900F0FB6A /* NeuralNetworkConstants.swift in Sources */,
				13142FBC2252E5E900F0FB6A /* RunningOverlayView.swift in Sources */,
				13142FA92252B3EA00F0FB6A /* SigmoidActivation.swift in Sources */,
				13142FBE2252E84200F0FB6A /* CONSTANTS.swift in Sources */,
				13142F9E2252B2B300F0FB6A /* Layer.swift in Sources */,
			);
			runOnlyForDeploymentPostprocessing = 0;
		};
/* End PBXSourcesBuildPhase section */

/* Begin PBXVariantGroup section */
		13142F8D2252B0B700F0FB6A /* Main.storyboard */ = {
			isa = PBXVariantGroup;
			children = (
				13142F8E2252B0B700F0FB6A /* Base */,
			);
			name = Main.storyboard;
			sourceTree = "<group>";
		};
		13142F922252B0B800F0FB6A /* LaunchScreen.storyboard */ = {
			isa = PBXVariantGroup;
			children = (
				13142F932252B0B800F0FB6A /* Base */,
			);
			name = LaunchScreen.storyboard;
			sourceTree = "<group>";
		};
/* End PBXVariantGroup section */

/* Begin XCBuildConfiguration section */
		13142F962252B0B800F0FB6A /* Debug */ = {
			isa = XCBuildConfiguration;
			buildSettings = {
				ALWAYS_SEARCH_USER_PATHS = NO;
				CLANG_ANALYZER_NONNULL = YES;
				CLANG_ANALYZER_NUMBER_OBJECT_CONVERSION = YES_AGGRESSIVE;
				CLANG_CXX_LANGUAGE_STANDARD = "gnu++14";
				CLANG_CXX_LIBRARY = "libc++";
				CLANG_ENABLE_MODULES = YES;
				CLANG_ENABLE_OBJC_ARC = YES;
				CLANG_ENABLE_OBJC_WEAK = YES;
				CLANG_WARN_BLOCK_CAPTURE_AUTORELEASING = YES;
				CLANG_WARN_BOOL_CONVERSION = YES;
				CLANG_WARN_COMMA = YES;
				CLANG_WARN_CONSTANT_CONVERSION = YES;
				CLANG_WARN_DEPRECATED_OBJC_IMPLEMENTATIONS = YES;
				CLANG_WARN_DIRECT_OBJC_ISA_USAGE = YES_ERROR;
				CLANG_WARN_DOCUMENTATION_COMMENTS = YES;
				CLANG_WARN_EMPTY_BODY = YES;
				CLANG_WARN_ENUM_CONVERSION = YES;
				CLANG_WARN_INFINITE_RECURSION = YES;
				CLANG_WARN_INT_CONVERSION = YES;
				CLANG_WARN_NON_LITERAL_NULL_CONVERSION = YES;
				CLANG_WARN_OBJC_IMPLICIT_RETAIN_SELF = YES;
				CLANG_WARN_OBJC_LITERAL_CONVERSION = YES;
				CLANG_WARN_OBJC_ROOT_CLASS = YES_ERROR;
				CLANG_WARN_RANGE_LOOP_ANALYSIS = YES;
				CLANG_WARN_STRICT_PROTOTYPES = YES;
				CLANG_WARN_SUSPICIOUS_MOVE = YES;
				CLANG_WARN_UNGUARDED_AVAILABILITY = YES_AGGRESSIVE;
				CLANG_WARN_UNREACHABLE_CODE = YES;
				CLANG_WARN__DUPLICATE_METHOD_MATCH = YES;
				CODE_SIGN_IDENTITY = "iPhone Developer";
				COPY_PHASE_STRIP = NO;
				DEBUG_INFORMATION_FORMAT = dwarf;
				ENABLE_STRICT_OBJC_MSGSEND = YES;
				ENABLE_TESTABILITY = YES;
				GCC_C_LANGUAGE_STANDARD = gnu11;
				GCC_DYNAMIC_NO_PIC = NO;
				GCC_NO_COMMON_BLOCKS = YES;
				GCC_OPTIMIZATION_LEVEL = 0;
				GCC_PREPROCESSOR_DEFINITIONS = (
					"DEBUG=1",
					"$(inherited)",
				);
				GCC_WARN_64_TO_32_BIT_CONVERSION = YES;
				GCC_WARN_ABOUT_RETURN_TYPE = YES_ERROR;
				GCC_WARN_UNDECLARED_SELECTOR = YES;
				GCC_WARN_UNINITIALIZED_AUTOS = YES_AGGRESSIVE;
				GCC_WARN_UNUSED_FUNCTION = YES;
				GCC_WARN_UNUSED_VARIABLE = YES;
				IPHONEOS_DEPLOYMENT_TARGET = 12.1;
				MTL_ENABLE_DEBUG_INFO = INCLUDE_SOURCE;
				MTL_FAST_MATH = YES;
				ONLY_ACTIVE_ARCH = YES;
				SDKROOT = iphoneos;
				SWIFT_ACTIVE_COMPILATION_CONDITIONS = DEBUG;
				SWIFT_OPTIMIZATION_LEVEL = "-Onone";
			};
			name = Debug;
		};
		13142F972252B0B800F0FB6A /* Release */ = {
			isa = XCBuildConfiguration;
			buildSettings = {
				ALWAYS_SEARCH_USER_PATHS = NO;
				CLANG_ANALYZER_NONNULL = YES;
				CLANG_ANALYZER_NUMBER_OBJECT_CONVERSION = YES_AGGRESSIVE;
				CLANG_CXX_LANGUAGE_STANDARD = "gnu++14";
				CLANG_CXX_LIBRARY = "libc++";
				CLANG_ENABLE_MODULES = YES;
				CLANG_ENABLE_OBJC_ARC = YES;
				CLANG_ENABLE_OBJC_WEAK = YES;
				CLANG_WARN_BLOCK_CAPTURE_AUTORELEASING = YES;
				CLANG_WARN_BOOL_CONVERSION = YES;
				CLANG_WARN_COMMA = YES;
				CLANG_WARN_CONSTANT_CONVERSION = YES;
				CLANG_WARN_DEPRECATED_OBJC_IMPLEMENTATIONS = YES;
				CLANG_WARN_DIRECT_OBJC_ISA_USAGE = YES_ERROR;
				CLANG_WARN_DOCUMENTATION_COMMENTS = YES;
				CLANG_WARN_EMPTY_BODY = YES;
				CLANG_WARN_ENUM_CONVERSION = YES;
				CLANG_WARN_INFINITE_RECURSION = YES;
				CLANG_WARN_INT_CONVERSION = YES;
				CLANG_WARN_NON_LITERAL_NULL_CONVERSION = YES;
				CLANG_WARN_OBJC_IMPLICIT_RETAIN_SELF = YES;
				CLANG_WARN_OBJC_LITERAL_CONVERSION = YES;
				CLANG_WARN_OBJC_ROOT_CLASS = YES_ERROR;
				CLANG_WARN_RANGE_LOOP_ANALYSIS = YES;
				CLANG_WARN_STRICT_PROTOTYPES = YES;
				CLANG_WARN_SUSPICIOUS_MOVE = YES;
				CLANG_WARN_UNGUARDED_AVAILABILITY = YES_AGGRESSIVE;
				CLANG_WARN_UNREACHABLE_CODE = YES;
				CLANG_WARN__DUPLICATE_METHOD_MATCH = YES;
				CODE_SIGN_IDENTITY = "iPhone Developer";
				COPY_PHASE_STRIP = NO;
				DEBUG_INFORMATION_FORMAT = "dwarf-with-dsym";
				ENABLE_NS_ASSERTIONS = NO;
				ENABLE_STRICT_OBJC_MSGSEND = YES;
				GCC_C_LANGUAGE_STANDARD = gnu11;
				GCC_NO_COMMON_BLOCKS = YES;
				GCC_WARN_64_TO_32_BIT_CONVERSION = YES;
				GCC_WARN_ABOUT_RETURN_TYPE = YES_ERROR;
				GCC_WARN_UNDECLARED_SELECTOR = YES;
				GCC_WARN_UNINITIALIZED_AUTOS = YES_AGGRESSIVE;
				GCC_WARN_UNUSED_FUNCTION = YES;
				GCC_WARN_UNUSED_VARIABLE = YES;
				IPHONEOS_DEPLOYMENT_TARGET = 12.1;
				MTL_ENABLE_DEBUG_INFO = NO;
				MTL_FAST_MATH = YES;
				SDKROOT = iphoneos;
				SWIFT_COMPILATION_MODE = wholemodule;
				SWIFT_OPTIMIZATION_LEVEL = "-O";
				VALIDATE_PRODUCT = YES;
			};
			name = Release;
		};
		13142F992252B0B800F0FB6A /* Debug */ = {
			isa = XCBuildConfiguration;
			buildSettings = {
				ASSETCATALOG_COMPILER_APPICON_NAME = AppIcon;
				CODE_SIGN_STYLE = Automatic;
				DEVELOPMENT_TEAM = 6824672SLW;
				INFOPLIST_FILE = "NeuralNetwork-Demo/Info.plist";
				IPHONEOS_DEPLOYMENT_TARGET = 11.0;
				LD_RUNPATH_SEARCH_PATHS = (
					"$(inherited)",
					"@executable_path/Frameworks",
				);
				PRODUCT_BUNDLE_IDENTIFIER = "com.gavinshrader.NeuralNetwork-Demo";
				PRODUCT_NAME = "$(TARGET_NAME)";
				SWIFT_VERSION = 4.2;
				TARGETED_DEVICE_FAMILY = "1,2";
			};
			name = Debug;
		};
		13142F9A2252B0B800F0FB6A /* Release */ = {
			isa = XCBuildConfiguration;
			buildSettings = {
				ASSETCATALOG_COMPILER_APPICON_NAME = AppIcon;
				CODE_SIGN_STYLE = Automatic;
				DEVELOPMENT_TEAM = 6824672SLW;
				INFOPLIST_FILE = "NeuralNetwork-Demo/Info.plist";
				IPHONEOS_DEPLOYMENT_TARGET = 11.0;
				LD_RUNPATH_SEARCH_PATHS = (
					"$(inherited)",
					"@executable_path/Frameworks",
				);
				PRODUCT_BUNDLE_IDENTIFIER = "com.gavinshrader.NeuralNetwork-Demo";
				PRODUCT_NAME = "$(TARGET_NAME)";
				SWIFT_VERSION = 4.2;
				TARGETED_DEVICE_FAMILY = "1,2";
			};
			name = Release;
		};
/* End XCBuildConfiguration section */

/* Begin XCConfigurationList section */
		13142F812252B0B700F0FB6A /* Build configuration list for PBXProject "NeuralNetwork-Demo" */ = {
			isa = XCConfigurationList;
			buildConfigurations = (
				13142F962252B0B800F0FB6A /* Debug */,
				13142F972252B0B800F0FB6A /* Release */,
			);
			defaultConfigurationIsVisible = 0;
			defaultConfigurationName = Release;
		};
		13142F982252B0B800F0FB6A /* Build configuration list for PBXNativeTarget "NeuralNetwork-Demo" */ = {
			isa = XCConfigurationList;
			buildConfigurations = (
				13142F992252B0B800F0FB6A /* Debug */,
				13142F9A2252B0B800F0FB6A /* Release */,
			);
			defaultConfigurationIsVisible = 0;
			defaultConfigurationName = Release;
		};
/* End XCConfigurationList section */
	};
	rootObject = 13142F7E2252B0B700F0FB6A /* Project object */;
}
